# This file is automatically @generated by Cargo.
# It is not intended for manual editing.
version = 4

[[package]]
name = "adler2"
version = "2.0.1"
source = "registry+https://github.com/rust-lang/crates.io-index"
checksum = "320119579fcad9c21884f5c4861d16174d0e06250625266f50fe6898340abefa"

[[package]]
name = "cfg-if"
version = "1.0.4"
source = "registry+https://github.com/rust-lang/crates.io-index"
checksum = "9330f8b2ff13f34540b44e946ef35111825727b38d33286ef986142615121801"

[[package]]
name = "crc32fast"
version = "1.5.0"
source = "registry+https://github.com/rust-lang/crates.io-index"
checksum = "9481c1c90cbf2ac953f07c8d4a58aa3945c425b7185c9154d67a65e4230da511"
dependencies = [
 "cfg-if",
]

[[package]]
name = "encoding_rs"
version = "0.8.35"
source = "registry+https://github.com/rust-lang/crates.io-index"
checksum = "75030f3c4f45dafd7586dd6780965a8c7e8e285a5ecb86713e63a79c5b2766f3"
dependencies = [
 "cfg-if",
]

[[package]]
name = "flate2"
version = "1.1.9"
source = "registry+https://github.com/rust-lang/crates.io-index"
checksum = "843fba2746e448b37e26a819579957415c8cef339bf08564fe8b7ddbd959573c"
dependencies = [
 "crc32fast",
 "miniz_oxide",
]

[[package]]
name = "fparkan-animation"
version = "0.1.0"

[[package]]
name = "fparkan-assets"
version = "0.1.0"
dependencies = [
 "fparkan-material",
 "fparkan-msh",
 "fparkan-nres",
 "fparkan-path",
 "fparkan-prototype",
 "fparkan-resource",
 "fparkan-texm",
 "fparkan-vfs",
]

[[package]]
name = "fparkan-binary"
version = "0.1.0"

[[package]]
name = "fparkan-cli"
version = "0.1.0"
dependencies = [
 "fparkan-corpus",
 "fparkan-nres",
 "fparkan-prototype",
 "fparkan-resource",
 "fparkan-rsli",
 "fparkan-runtime",
 "fparkan-vfs",
]

[[package]]
name = "fparkan-corpus"
version = "0.1.0"
dependencies = [
 "fparkan-binary",
 "fparkan-nres",
 "fparkan-path",
]

[[package]]
name = "fparkan-diagnostics"
version = "0.1.0"

[[package]]
name = "fparkan-fx"
version = "0.1.0"
dependencies = [
 "fparkan-binary",
 "fparkan-nres",
]

[[package]]
name = "fparkan-game"
version = "0.1.0"
dependencies = [
 "fparkan-render",
 "fparkan-runtime",
 "fparkan-vfs",
 "fparkan-world",
]

[[package]]
name = "fparkan-headless"
version = "0.1.0"
dependencies = [
 "fparkan-runtime",
 "fparkan-vfs",
 "fparkan-world",
]

[[package]]
name = "fparkan-material"
version = "0.1.0"
dependencies = [
 "encoding_rs",
 "fparkan-nres",
 "fparkan-path",
 "fparkan-resource",
 "fparkan-vfs",
]

[[package]]
name = "fparkan-mission-format"
version = "0.1.0"
dependencies = [
 "encoding_rs",
 "fparkan-binary",
]

[[package]]
name = "fparkan-msh"
version = "0.1.0"
dependencies = [
 "encoding_rs",
 "fparkan-animation",
 "fparkan-nres",
]

[[package]]
name = "fparkan-nres"
version = "0.1.0"
dependencies = [
 "fparkan-binary",
 "fparkan-path",
]

[[package]]
name = "fparkan-path"
version = "0.1.0"

[[package]]
name = "fparkan-platform"
version = "0.1.0"

[[package]]
name = "fparkan-platform-sdl"
version = "0.1.0"
dependencies = [
 "fparkan-platform",
]

[[package]]
name = "fparkan-prototype"
version = "0.1.0"
dependencies = [
 "encoding_rs",
 "fparkan-binary",
 "fparkan-material",
 "fparkan-msh",
 "fparkan-nres",
 "fparkan-path",
 "fparkan-resource",
 "fparkan-texm",
 "fparkan-vfs",
]

[[package]]
name = "fparkan-render"
version = "0.1.0"
dependencies = [
 "fparkan-world",
]

[[package]]
name = "fparkan-render-gl"
version = "0.1.0"
dependencies = [
 "fparkan-render",
]

[[package]]
name = "fparkan-resource"
version = "0.1.0"
dependencies = [
 "fparkan-binary",
 "fparkan-nres",
 "fparkan-path",
 "fparkan-rsli",
 "fparkan-vfs",
]

[[package]]
name = "fparkan-rsli"
version = "0.1.0"
dependencies = [
 "flate2",
]

[[package]]
name = "fparkan-runtime"
version = "0.1.0"
dependencies = [
 "fparkan-mission-format",
 "fparkan-nres",
 "fparkan-path",
 "fparkan-platform",
 "fparkan-prototype",
 "fparkan-render",
 "fparkan-resource",
 "fparkan-terrain",
 "fparkan-terrain-format",
 "fparkan-vfs",
 "fparkan-world",
]

[[package]]
name = "fparkan-terrain"
version = "0.1.0"
dependencies = [
 "fparkan-nres",
 "fparkan-terrain-format",
]

[[package]]
name = "fparkan-terrain-format"
version = "0.1.0"
dependencies = [
 "fparkan-binary",
 "fparkan-nres",
]

[[package]]
name = "fparkan-test-support"
version = "0.1.0"
dependencies = [
 "fparkan-render",
]

[[package]]
name = "fparkan-texm"
version = "0.1.0"
dependencies = [
 "fparkan-nres",
]

[[package]]
name = "fparkan-vfs"
version = "0.1.0"
dependencies = [
 "fparkan-binary",
 "fparkan-path",
]

[[package]]
name = "fparkan-viewer"
version = "0.1.0"
dependencies = [
 "fparkan-msh",
 "fparkan-nres",
 "fparkan-render",
 "fparkan-resource",
 "fparkan-rsli",
 "fparkan-terrain-format",
 "fparkan-texm",
 "fparkan-vfs",
]

[[package]]
name = "fparkan-world"
version = "0.1.0"
dependencies = [
 "fparkan-binary",
]

[[package]]
name = "miniz_oxide"
version = "0.8.9"
source = "registry+https://github.com/rust-lang/crates.io-index"
checksum = "1fa76a2c86f704bdb222d66965fb3d63269ce38518b83cb0575fca855ebb6316"
dependencies = [
 "adler2",
 "simd-adler32",
]

[[package]]
name = "simd-adler32"
version = "0.3.8"
source = "registry+https://github.com/rust-lang/crates.io-index"
checksum = "e320a6c5ad31d271ad523dcf3ad13e2767ad8b1cb8f047f75a8aeaf8da139da2"

[[package]]
name = "xtask"
version = "0.1.0"
dependencies = [
 "fparkan-corpus",
]
